
Microsoft Visual Studio Solution File, Format Version 12.00
# Visual Studio Version 17
VisualStudioVersion = 17.0.31903.59
MinimumVisualStudioVersion = 10.0.40219.1
Project("{FAE04EC0-301F-11D3-BF4B-00C04F79EFBC}") = "dotnet-course", "src\dotnet-course.csproj", "{D4BE46FE-C5D6-476A-B649-0C9BE72397A6}"
EndProject
Global
	GlobalSection(SolutionConfigurationPlatforms) = preSolution
		Debug|Any CPU = Debug|Any CPU
		Release|Any CPU = Release|Any CPU
	EndGlobalSection
	GlobalSection(SolutionProperties) = preSolution
		HideSolutionNode = FALSE
	EndGlobalSection
	GlobalSection(ProjectConfigurationPlatforms) = postSolution
		{D4BE46FE-C5D6-476A-B649-0C9BE72397A6}.Debug|Any CPU.ActiveCfg = Debug|Any CPU
		{D4BE46FE-C5D6-476A-B649-0C9BE72397A6}.Debug|Any CPU.Build.0 = Debug|Any CPU
		{D4BE46FE-C5D6-476A-B649-0C9BE72397A6}.Release|Any CPU.ActiveCfg = Release|Any CPU
		{D4BE46FE-C5D6-476A-B649-0C9BE72397A6}.Release|Any CPU.Build.0 = Release|Any CPU
	EndGlobalSection
EndGlobal
